
Microsoft Visual Studio Solution File, Format Version 11.00
# Visual Studio 2010
Project("{FAE04EC0-301F-11D3-BF4B-00C04F79EFBC}") = "Distribuidora", "Distribuidora.csproj", "{B4430881-503A-41C0-AE8E-5DCDF4323AE1}"
EndProject
Global
	GlobalSection(SolutionConfigurationPlatforms) = preSolution
		Debug|Any CPU = Debug|Any CPU
		Release|Any CPU = Release|Any CPU
	EndGlobalSection
	GlobalSection(ProjectConfigurationPlatforms) = postSolution
		{B4430881-503A-41C0-AE8E-5DCDF4323AE1}.Debug|Any CPU.ActiveCfg = Debug|Any CPU
		{B4430881-503A-41C0-AE8E-5DCDF4323AE1}.Debug|Any CPU.Build.0 = Debug|Any CPU
		{B4430881-503A-41C0-AE8E-5DCDF4323AE1}.Release|Any CPU.ActiveCfg = Release|Any CPU
		{B4430881-503A-41C0-AE8E-5DCDF4323AE1}.Release|Any CPU.Build.0 = Release|Any CPU
	EndGlobalSection
	GlobalSection(SolutionProperties) = preSolution
		HideSolutionNode = FALSE
	EndGlobalSection
EndGlobal
